
Microsoft Visual Studio Solution File, Format Version 12.00
# Visual Studio Version 17
VisualStudioVersion = 17.8.34511.84
MinimumVisualStudioVersion = 10.0.40219.1
Project("{9A19103F-16F7-4668-BE54-9A1E7A4F7556}") = "bytech_boards", "bytech_boards.csproj", "{79DFB7BD-67F0-418E-859F-AB0C4EEC9457}"
EndProject
Global
	GlobalSection(SolutionConfigurationPlatforms) = preSolution
		Debug|Any CPU = Debug|Any CPU
		Release|Any CPU = Release|Any CPU
	EndGlobalSection
	GlobalSection(ProjectConfigurationPlatforms) = postSolution
		{79DFB7BD-67F0-418E-859F-AB0C4EEC9457}.Debug|Any CPU.ActiveCfg = Debug|Any CPU
		{79DFB7BD-67F0-418E-859F-AB0C4EEC9457}.Debug|Any CPU.Build.0 = Debug|Any CPU
		{79DFB7BD-67F0-418E-859F-AB0C4EEC9457}.Release|Any CPU.ActiveCfg = Release|Any CPU
		{79DFB7BD-67F0-418E-859F-AB0C4EEC9457}.Release|Any CPU.Build.0 = Release|Any CPU
	EndGlobalSection
	GlobalSection(SolutionProperties) = preSolution
		HideSolutionNode = FALSE
	EndGlobalSection
	GlobalSection(ExtensibilityGlobals) = postSolution
		SolutionGuid = {5F7B82DF-1B22-4743-9EC7-2A58E1F45841}
	EndGlobalSection
EndGlobal
